
Microsoft Visual Studio Solution File, Format Version 12.00
# Visual Studio Version 16
VisualStudioVersion = 16.0.29411.108
MinimumVisualStudioVersion = 10.0.40219.1
Project("{9A19103F-16F7-4668-BE54-9A1E7A4F7556}") = "eMuzickiStudio.WebAPI", "eMuzickiStudio.WebAPI\eMuzickiStudio.WebAPI.csproj", "{B5F15F58-3F33-42D9-B7D6-0947DE5D2C18}"
EndProject
Project("{9A19103F-16F7-4668-BE54-9A1E7A4F7556}") = "eMuzickiStudio.Model", "eMuzickiStudio.Model\eMuzickiStudio.Model.csproj", "{EABC0DDA-6F3A-450F-A743-36BE5D8F7DFF}"
EndProject
Project("{2150E333-8FDC-42A3-9474-1A3956D46DE8}") = "UI", "UI", "{84AAEC77-8865-40E3-B675-8B3487CBC590}"
EndProject
Project("{FAE04EC0-301F-11D3-BF4B-00C04F79EFBC}") = "eMuzickiStudio.WinUI", "eMuzickiStudio.WinUI\eMuzickiStudio.WinUI.csproj", "{0205D821-C969-4B05-8B84-E7ABFE863124}"
EndProject
Project("{2150E333-8FDC-42A3-9474-1A3956D46DE8}") = "Mobile", "Mobile", "{EB315BCF-4F00-418D-B569-1BF3A2C98036}"
EndProject
Project("{FAE04EC0-301F-11D3-BF4B-00C04F79EFBC}") = "eMuzickiStudio.Mobile.UWP", "eMuzickiStudio.Mobile\eMuzickiStudio.Mobile.UWP\eMuzickiStudio.Mobile.UWP.csproj", "{F627F95C-7279-47D1-88F3-A5212EF4B554}"
EndProject
Project("{FAE04EC0-301F-11D3-BF4B-00C04F79EFBC}") = "eMuzickiStudio.Mobile.Android", "eMuzickiStudio.Mobile\eMuzickiStudio.Mobile.Android\eMuzickiStudio.Mobile.Android.csproj", "{5C2E28D0-912D-40F4-8370-19E79909B7B5}"
EndProject
Project("{FAE04EC0-301F-11D3-BF4B-00C04F79EFBC}") = "eMuzickiStudio.Mobile.iOS", "eMuzickiStudio.Mobile\eMuzickiStudio.Mobile.iOS\eMuzickiStudio.Mobile.iOS.csproj", "{06270A43-7B07-4929-8BE6-AECFA7F775D5}"
EndProject
Project("{9A19103F-16F7-4668-BE54-9A1E7A4F7556}") = "eMuzickiStudio.Mobile", "eMuzickiStudio.Mobile\eMuzickiStudio.Mobile\eMuzickiStudio.Mobile.csproj", "{A2F4A6E8-7395-4A30-BAE2-BDE2BD5A9951}"
EndProject
Global
	GlobalSection(SolutionConfigurationPlatforms) = preSolution
		Debug|Any CPU = Debug|Any CPU
		Debug|ARM = Debug|ARM
		Debug|iPhone = Debug|iPhone
		Debug|iPhoneSimulator = Debug|iPhoneSimulator
		Debug|x64 = Debug|x64
		Debug|x86 = Debug|x86
		Release|Any CPU = Release|Any CPU
		Release|ARM = Release|ARM
		Release|iPhone = Release|iPhone
		Release|iPhoneSimulator = Release|iPhoneSimulator
		Release|x64 = Release|x64
		Release|x86 = Release|x86
	EndGlobalSection
	GlobalSection(ProjectConfigurationPlatforms) = postSolution
		{B5F15F58-3F33-42D9-B7D6-0947DE5D2C18}.Debug|Any CPU.ActiveCfg = Debug|Any CPU
		{B5F15F58-3F33-42D9-B7D6-0947DE5D2C18}.Debug|Any CPU.Build.0 = Debug|Any CPU
		{B5F15F58-3F33-42D9-B7D6-0947DE5D2C18}.Debug|ARM.ActiveCfg = Debug|Any CPU
		{B5F15F58-3F33-42D9-B7D6-0947DE5D2C18}.Debug|ARM.Build.0 = Debug|Any CPU
		{B5F15F58-3F33-42D9-B7D6-0947DE5D2C18}.Debug|iPhone.ActiveCfg = Debug|Any CPU
		{B5F15F58-3F33-42D9-B7D6-0947DE5D2C18}.Debug|iPhone.Build.0 = Debug|Any CPU
		{B5F15F58-3F33-42D9-B7D6-0947DE5D2C18}.Debug|iPhoneSimulator.ActiveCfg = Debug|Any CPU
		{B5F15F58-3F33-42D9-B7D6-0947DE5D2C18}.Debug|iPhoneSimulator.Build.0 = Debug|Any CPU
		{B5F15F58-3F33-42D9-B7D6-0947DE5D2C18}.Debug|x64.ActiveCfg = Debug|Any CPU
		{B5F15F58-3F33-42D9-B7D6-0947DE5D2C18}.Debug|x64.Build.0 = Debug|Any CPU
		{B5F15F58-3F33-42D9-B7D6-0947DE5D2C18}.Debug|x86.ActiveCfg = Debug|Any CPU
		{B5F15F58-3F33-42D9-B7D6-0947DE5D2C18}.Debug|x86.Build.0 = Debug|Any CPU
		{B5F15F58-3F33-42D9-B7D6-0947DE5D2C18}.Release|Any CPU.ActiveCfg = Release|Any CPU
		{B5F15F58-3F33-42D9-B7D6-0947DE5D2C18}.Release|Any CPU.Build.0 = Release|Any CPU
		{B5F15F58-3F33-42D9-B7D6-0947DE5D2C18}.Release|ARM.ActiveCfg = Release|Any CPU
		{B5F15F58-3F33-42D9-B7D6-0947DE5D2C18}.Release|ARM.Build.0 = Release|Any CPU
		{B5F15F58-3F33-42D9-B7D6-0947DE5D2C18}.Release|iPhone.ActiveCfg = Release|Any CPU
		{B5F15F58-3F33-42D9-B7D6-0947DE5D2C18}.Release|iPhone.Build.0 = Release|Any CPU
		{B5F15F58-3F33-42D9-B7D6-0947DE5D2C18}.Release|iPhoneSimulator.ActiveCfg = Release|Any CPU
		{B5F15F58-3F33-42D9-B7D6-0947DE5D2C18}.Release|iPhoneSimulator.Build.0 = Release|Any CPU
		{B5F15F58-3F33-42D9-B7D6-0947DE5D2C18}.Release|x64.ActiveCfg = Release|Any CPU
		{B5F15F58-3F33-42D9-B7D6-0947DE5D2C18}.Release|x64.Build.0 = Release|Any CPU
		{B5F15F58-3F33-42D9-B7D6-0947DE5D2C18}.Release|x86.ActiveCfg = Release|Any CPU
		{B5F15F58-3F33-42D9-B7D6-0947DE5D2C18}.Release|x86.Build.0 = Release|Any CPU
		{EABC0DDA-6F3A-450F-A743-36BE5D8F7DFF}.Debug|Any CPU.ActiveCfg = Debug|Any CPU
		{EABC0DDA-6F3A-450F-A743-36BE5D8F7DFF}.Debug|Any CPU.Build.0 = Debug|Any CPU
		{EABC0DDA-6F3A-450F-A743-36BE5D8F7DFF}.Debug|ARM.ActiveCfg = Debug|Any CPU
		{EABC0DDA-6F3A-450F-A743-36BE5D8F7DFF}.Debug|ARM.Build.0 = Debug|Any CPU
		{EABC0DDA-6F3A-450F-A743-36BE5D8F7DFF}.Debug|iPhone.ActiveCfg = Debug|Any CPU
		{EABC0DDA-6F3A-450F-A743-36BE5D8F7DFF}.Debug|iPhone.Build.0 = Debug|Any CPU
		{EABC0DDA-6F3A-450F-A743-36BE5D8F7DFF}.Debug|iPhoneSimulator.ActiveCfg = Debug|Any CPU
		{EABC0DDA-6F3A-450F-A743-36BE5D8F7DFF}.Debug|iPhoneSimulator.Build.0 = Debug|Any CPU
		{EABC0DDA-6F3A-450F-A743-36BE5D8F7DFF}.Debug|x64.ActiveCfg = Debug|Any CPU
		{EABC0DDA-6F3A-450F-A743-36BE5D8F7DFF}.Debug|x64.Build.0 = Debug|Any CPU
		{EABC0DDA-6F3A-450F-A743-36BE5D8F7DFF}.Debug|x86.ActiveCfg = Debug|Any CPU
		{EABC0DDA-6F3A-450F-A743-36BE5D8F7DFF}.Debug|x86.Build.0 = Debug|Any CPU
		{EABC0DDA-6F3A-450F-A743-36BE5D8F7DFF}.Release|Any CPU.ActiveCfg = Release|Any CPU
		{EABC0DDA-6F3A-450F-A743-36BE5D8F7DFF}.Release|Any CPU.Build.0 = Release|Any CPU
		{EABC0DDA-6F3A-450F-A743-36BE5D8F7DFF}.Release|ARM.ActiveCfg = Release|Any CPU
		{EABC0DDA-6F3A-450F-A743-36BE5D8F7DFF}.Release|ARM.Build.0 = Release|Any CPU
		{EABC0DDA-6F3A-450F-A743-36BE5D8F7DFF}.Release|iPhone.ActiveCfg = Release|Any CPU
		{EABC0DDA-6F3A-450F-A743-36BE5D8F7DFF}.Release|iPhone.Build.0 = Release|Any CPU
		{EABC0DDA-6F3A-450F-A743-36BE5D8F7DFF}.Release|iPhoneSimulator.ActiveCfg = Release|Any CPU
		{EABC0DDA-6F3A-450F-A743-36BE5D8F7DFF}.Release|iPhoneSimulator.Build.0 = Release|Any CPU
		{EABC0DDA-6F3A-450F-A743-36BE5D8F7DFF}.Release|x64.ActiveCfg = Release|Any CPU
		{EABC0DDA-6F3A-450F-A743-36BE5D8F7DFF}.Release|x64.Build.0 = Release|Any CPU
		{EABC0DDA-6F3A-450F-A743-36BE5D8F7DFF}.Release|x86.ActiveCfg = Release|Any CPU
		{EABC0DDA-6F3A-450F-A743-36BE5D8F7DFF}.Release|x86.Build.0 = Release|Any CPU
		{0205D821-C969-4B05-8B84-E7ABFE863124}.Debug|Any CPU.ActiveCfg = Debug|Any CPU
		{0205D821-C969-4B05-8B84-E7ABFE863124}.Debug|Any CPU.Build.0 = Debug|Any CPU
		{0205D821-C969-4B05-8B84-E7ABFE863124}.Debug|ARM.ActiveCfg = Debug|Any CPU
		{0205D821-C969-4B05-8B84-E7ABFE863124}.Debug|ARM.Build.0 = Debug|Any CPU
		{0205D821-C969-4B05-8B84-E7ABFE863124}.Debug|iPhone.ActiveCfg = Debug|Any CPU
		{0205D821-C969-4B05-8B84-E7ABFE863124}.Debug|iPhone.Build.0 = Debug|Any CPU
		{0205D821-C969-4B05-8B84-E7ABFE863124}.Debug|iPhoneSimulator.ActiveCfg = Debug|Any CPU
		{0205D821-C969-4B05-8B84-E7ABFE863124}.Debug|iPhoneSimulator.Build.0 = Debug|Any CPU
		{0205D821-C969-4B05-8B84-E7ABFE863124}.Debug|x64.ActiveCfg = Debug|Any CPU
		{0205D821-C969-4B05-8B84-E7ABFE863124}.Debug|x64.Build.0 = Debug|Any CPU
		{0205D821-C969-4B05-8B84-E7ABFE863124}.Debug|x86.ActiveCfg = Debug|Any CPU
		{0205D821-C969-4B05-8B84-E7ABFE863124}.Debug|x86.Build.0 = Debug|Any CPU
		{0205D821-C969-4B05-8B84-E7ABFE863124}.Release|Any CPU.ActiveCfg = Release|Any CPU
		{0205D821-C969-4B05-8B84-E7ABFE863124}.Release|Any CPU.Build.0 = Release|Any CPU
		{0205D821-C969-4B05-8B84-E7ABFE863124}.Release|ARM.ActiveCfg = Release|Any CPU
		{0205D821-C969-4B05-8B84-E7ABFE863124}.Release|ARM.Build.0 = Release|Any CPU
		{0205D821-C969-4B05-8B84-E7ABFE863124}.Release|iPhone.ActiveCfg = Release|Any CPU
		{0205D821-C969-4B05-8B84-E7ABFE863124}.Release|iPhone.Build.0 = Release|Any CPU
		{0205D821-C969-4B05-8B84-E7ABFE863124}.Release|iPhoneSimulator.ActiveCfg = Release|Any CPU
		{0205D821-C969-4B05-8B84-E7ABFE863124}.Release|iPhoneSimulator.Build.0 = Release|Any CPU
		{0205D821-C969-4B05-8B84-E7ABFE863124}.Release|x64.ActiveCfg = Release|Any CPU
		{0205D821-C969-4B05-8B84-E7ABFE863124}.Release|x64.Build.0 = Release|Any CPU
		{0205D821-C969-4B05-8B84-E7ABFE863124}.Release|x86.ActiveCfg = Release|Any CPU
		{0205D821-C969-4B05-8B84-E7ABFE863124}.Release|x86.Build.0 = Release|Any CPU
		{F627F95C-7279-47D1-88F3-A5212EF4B554}.Debug|Any CPU.ActiveCfg = Debug|x86
		{F627F95C-7279-47D1-88F3-A5212EF4B554}.Debug|ARM.ActiveCfg = Debug|ARM
		{F627F95C-7279-47D1-88F3-A5212EF4B554}.Debug|ARM.Build.0 = Debug|ARM
		{F627F95C-7279-47D1-88F3-A5212EF4B554}.Debug|ARM.Deploy.0 = Debug|ARM
		{F627F95C-7279-47D1-88F3-A5212EF4B554}.Debug|iPhone.ActiveCfg = Debug|x86
		{F627F95C-7279-47D1-88F3-A5212EF4B554}.Debug|iPhoneSimulator.ActiveCfg = Debug|x86
		{F627F95C-7279-47D1-88F3-A5212EF4B554}.Debug|x64.ActiveCfg = Debug|x64
		{F627F95C-7279-47D1-88F3-A5212EF4B554}.Debug|x64.Build.0 = Debug|x64
		{F627F95C-7279-47D1-88F3-A5212EF4B554}.Debug|x64.Deploy.0 = Debug|x64
		{F627F95C-7279-47D1-88F3-A5212EF4B554}.Debug|x86.ActiveCfg = Debug|x86
		{F627F95C-7279-47D1-88F3-A5212EF4B554}.Debug|x86.Build.0 = Debug|x86
		{F627F95C-7279-47D1-88F3-A5212EF4B554}.Debug|x86.Deploy.0 = Debug|x86
		{F627F95C-7279-47D1-88F3-A5212EF4B554}.Release|Any CPU.ActiveCfg = Release|x86
		{F627F95C-7279-47D1-88F3-A5212EF4B554}.Release|ARM.ActiveCfg = Release|ARM
		{F627F95C-7279-47D1-88F3-A5212EF4B554}.Release|ARM.Build.0 = Release|ARM
		{F627F95C-7279-47D1-88F3-A5212EF4B554}.Release|ARM.Deploy.0 = Release|ARM
		{F627F95C-7279-47D1-88F3-A5212EF4B554}.Release|iPhone.ActiveCfg = Release|x86
		{F627F95C-7279-47D1-88F3-A5212EF4B554}.Release|iPhoneSimulator.ActiveCfg = Release|x86
		{F627F95C-7279-47D1-88F3-A5212EF4B554}.Release|x64.ActiveCfg = Release|x64
		{F627F95C-7279-47D1-88F3-A5212EF4B554}.Release|x64.Build.0 = Release|x64
		{F627F95C-7279-47D1-88F3-A5212EF4B554}.Release|x64.Deploy.0 = Release|x64
		{F627F95C-7279-47D1-88F3-A5212EF4B554}.Release|x86.ActiveCfg = Release|x86
		{F627F95C-7279-47D1-88F3-A5212EF4B554}.Release|x86.Build.0 = Release|x86
		{F627F95C-7279-47D1-88F3-A5212EF4B554}.Release|x86.Deploy.0 = Release|x86
		{5C2E28D0-912D-40F4-8370-19E79909B7B5}.Debug|Any CPU.ActiveCfg = Debug|Any CPU
		{5C2E28D0-912D-40F4-8370-19E79909B7B5}.Debug|Any CPU.Build.0 = Debug|Any CPU
		{5C2E28D0-912D-40F4-8370-19E79909B7B5}.Debug|Any CPU.Deploy.0 = Debug|Any CPU
		{5C2E28D0-912D-40F4-8370-19E79909B7B5}.Debug|ARM.ActiveCfg = Debug|Any CPU
		{5C2E28D0-912D-40F4-8370-19E79909B7B5}.Debug|ARM.Build.0 = Debug|Any CPU
		{5C2E28D0-912D-40F4-8370-19E79909B7B5}.Debug|ARM.Deploy.0 = Debug|Any CPU
		{5C2E28D0-912D-40F4-8370-19E79909B7B5}.Debug|iPhone.ActiveCfg = Debug|Any CPU
		{5C2E28D0-912D-40F4-8370-19E79909B7B5}.Debug|iPhone.Build.0 = Debug|Any CPU
		{5C2E28D0-912D-40F4-8370-19E79909B7B5}.Debug|iPhone.Deploy.0 = Debug|Any CPU
		{5C2E28D0-912D-40F4-8370-19E79909B7B5}.Debug|iPhoneSimulator.ActiveCfg = Debug|Any CPU
		{5C2E28D0-912D-40F4-8370-19E79909B7B5}.Debug|iPhoneSimulator.Build.0 = Debug|Any CPU
		{5C2E28D0-912D-40F4-8370-19E79909B7B5}.Debug|iPhoneSimulator.Deploy.0 = Debug|Any CPU
		{5C2E28D0-912D-40F4-8370-19E79909B7B5}.Debug|x64.ActiveCfg = Debug|Any CPU
		{5C2E28D0-912D-40F4-8370-19E79909B7B5}.Debug|x64.Build.0 = Debug|Any CPU
		{5C2E28D0-912D-40F4-8370-19E79909B7B5}.Debug|x64.Deploy.0 = Debug|Any CPU
		{5C2E28D0-912D-40F4-8370-19E79909B7B5}.Debug|x86.ActiveCfg = Debug|Any CPU
		{5C2E28D0-912D-40F4-8370-19E79909B7B5}.Debug|x86.Build.0 = Debug|Any CPU
		{5C2E28D0-912D-40F4-8370-19E79909B7B5}.Debug|x86.Deploy.0 = Debug|Any CPU
		{5C2E28D0-912D-40F4-8370-19E79909B7B5}.Release|Any CPU.ActiveCfg = Release|Any CPU
		{5C2E28D0-912D-40F4-8370-19E79909B7B5}.Release|Any CPU.Build.0 = Release|Any CPU
		{5C2E28D0-912D-40F4-8370-19E79909B7B5}.Release|Any CPU.Deploy.0 = Release|Any CPU
		{5C2E28D0-912D-40F4-8370-19E79909B7B5}.Release|ARM.ActiveCfg = Release|Any CPU
		{5C2E28D0-912D-40F4-8370-19E79909B7B5}.Release|ARM.Build.0 = Release|Any CPU
		{5C2E28D0-912D-40F4-8370-19E79909B7B5}.Release|ARM.Deploy.0 = Release|Any CPU
		{5C2E28D0-912D-40F4-8370-19E79909B7B5}.Release|iPhone.ActiveCfg = Release|Any CPU
		{5C2E28D0-912D-40F4-8370-19E79909B7B5}.Release|iPhone.Build.0 = Release|Any CPU
		{5C2E28D0-912D-40F4-8370-19E79909B7B5}.Release|iPhone.Deploy.0 = Release|Any CPU
		{5C2E28D0-912D-40F4-8370-19E79909B7B5}.Release|iPhoneSimulator.ActiveCfg = Release|Any CPU
		{5C2E28D0-912D-40F4-8370-19E79909B7B5}.Release|iPhoneSimulator.Build.0 = Release|Any CPU
		{5C2E28D0-912D-40F4-8370-19E79909B7B5}.Release|iPhoneSimulator.Deploy.0 = Release|Any CPU
		{5C2E28D0-912D-40F4-8370-19E79909B7B5}.Release|x64.ActiveCfg = Release|Any CPU
		{5C2E28D0-912D-40F4-8370-19E79909B7B5}.Release|x64.Build.0 = Release|Any CPU
		{5C2E28D0-912D-40F4-8370-19E79909B7B5}.Release|x64.Deploy.0 = Release|Any CPU
		{5C2E28D0-912D-40F4-8370-19E79909B7B5}.Release|x86.ActiveCfg = Release|Any CPU
		{5C2E28D0-912D-40F4-8370-19E79909B7B5}.Release|x86.Build.0 = Release|Any CPU
		{5C2E28D0-912D-40F4-8370-19E79909B7B5}.Release|x86.Deploy.0 = Release|Any CPU
		{06270A43-7B07-4929-8BE6-AECFA7F775D5}.Debug|Any CPU.ActiveCfg = Debug|iPhone
		{06270A43-7B07-4929-8BE6-AECFA7F775D5}.Debug|ARM.ActiveCfg = Debug|iPhone
		{06270A43-7B07-4929-8BE6-AECFA7F775D5}.Debug|iPhone.ActiveCfg = Debug|iPhone
		{06270A43-7B07-4929-8BE6-AECFA7F775D5}.Debug|iPhone.Build.0 = Debug|iPhone
		{06270A43-7B07-4929-8BE6-AECFA7F775D5}.Debug|iPhoneSimulator.ActiveCfg = Debug|iPhoneSimulator
		{06270A43-7B07-4929-8BE6-AECFA7F775D5}.Debug|iPhoneSimulator.Build.0 = Debug|iPhoneSimulator
		{06270A43-7B07-4929-8BE6-AECFA7F775D5}.Debug|x64.ActiveCfg = Debug|iPhone
		{06270A43-7B07-4929-8BE6-AECFA7F775D5}.Debug|x86.ActiveCfg = Debug|iPhone
		{06270A43-7B07-4929-8BE6-AECFA7F775D5}.Release|Any CPU.ActiveCfg = Release|iPhone
		{06270A43-7B07-4929-8BE6-AECFA7F775D5}.Release|ARM.ActiveCfg = Release|iPhone
		{06270A43-7B07-4929-8BE6-AECFA7F775D5}.Release|iPhone.ActiveCfg = Release|iPhone
		{06270A43-7B07-4929-8BE6-AECFA7F775D5}.Release|iPhone.Build.0 = Release|iPhone
		{06270A43-7B07-4929-8BE6-AECFA7F775D5}.Release|iPhoneSimulator.ActiveCfg = Release|iPhoneSimulator
		{06270A43-7B07-4929-8BE6-AECFA7F775D5}.Release|iPhoneSimulator.Build.0 = Release|iPhoneSimulator
		{06270A43-7B07-4929-8BE6-AECFA7F775D5}.Release|x64.ActiveCfg = Release|iPhone
		{06270A43-7B07-4929-8BE6-AECFA7F775D5}.Release|x86.ActiveCfg = Release|iPhone
		{A2F4A6E8-7395-4A30-BAE2-BDE2BD5A9951}.Debug|Any CPU.ActiveCfg = Debug|Any CPU
		{A2F4A6E8-7395-4A30-BAE2-BDE2BD5A9951}.Debug|Any CPU.Build.0 = Debug|Any CPU
		{A2F4A6E8-7395-4A30-BAE2-BDE2BD5A9951}.Debug|ARM.ActiveCfg = Debug|Any CPU
		{A2F4A6E8-7395-4A30-BAE2-BDE2BD5A9951}.Debug|ARM.Build.0 = Debug|Any CPU
		{A2F4A6E8-7395-4A30-BAE2-BDE2BD5A9951}.Debug|iPhone.ActiveCfg = Debug|Any CPU
		{A2F4A6E8-7395-4A30-BAE2-BDE2BD5A9951}.Debug|iPhone.Build.0 = Debug|Any CPU
		{A2F4A6E8-7395-4A30-BAE2-BDE2BD5A9951}.Debug|iPhoneSimulator.ActiveCfg = Debug|Any CPU
		{A2F4A6E8-7395-4A30-BAE2-BDE2BD5A9951}.Debug|iPhoneSimulator.Build.0 = Debug|Any CPU
		{A2F4A6E8-7395-4A30-BAE2-BDE2BD5A9951}.Debug|x64.ActiveCfg = Debug|Any CPU
		{A2F4A6E8-7395-4A30-BAE2-BDE2BD5A9951}.Debug|x64.Build.0 = Debug|Any CPU
		{A2F4A6E8-7395-4A30-BAE2-BDE2BD5A9951}.Debug|x86.ActiveCfg = Debug|Any CPU
		{A2F4A6E8-7395-4A30-BAE2-BDE2BD5A9951}.Debug|x86.Build.0 = Debug|Any CPU
		{A2F4A6E8-7395-4A30-BAE2-BDE2BD5A9951}.Release|Any CPU.ActiveCfg = Release|Any CPU
		{A2F4A6E8-7395-4A30-BAE2-BDE2BD5A9951}.Release|Any CPU.Build.0 = Release|Any CPU
		{A2F4A6E8-7395-4A30-BAE2-BDE2BD5A9951}.Release|ARM.ActiveCfg = Release|Any CPU
		{A2F4A6E8-7395-4A30-BAE2-BDE2BD5A9951}.Release|ARM.Build.0 = Release|Any CPU
		{A2F4A6E8-7395-4A30-BAE2-BDE2BD5A9951}.Release|iPhone.ActiveCfg = Release|Any CPU
		{A2F4A6E8-7395-4A30-BAE2-BDE2BD5A9951}.Release|iPhone.Build.0 = Release|Any CPU
		{A2F4A6E8-7395-4A30-BAE2-BDE2BD5A9951}.Release|iPhoneSimulator.ActiveCfg = Release|Any CPU
		{A2F4A6E8-7395-4A30-BAE2-BDE2BD5A9951}.Release|iPhoneSimulator.Build.0 = Release|Any CPU
		{A2F4A6E8-7395-4A30-BAE2-BDE2BD5A9951}.Release|x64.ActiveCfg = Release|Any CPU
		{A2F4A6E8-7395-4A30-BAE2-BDE2BD5A9951}.Release|x64.Build.0 = Release|Any CPU
		{A2F4A6E8-7395-4A30-BAE2-BDE2BD5A9951}.Release|x86.ActiveCfg = Release|Any CPU
		{A2F4A6E8-7395-4A30-BAE2-BDE2BD5A9951}.Release|x86.Build.0 = Release|Any CPU
	EndGlobalSection
	GlobalSection(SolutionProperties) = preSolution
		HideSolutionNode = FALSE
	EndGlobalSection
	GlobalSection(NestedProjects) = preSolution
		{0205D821-C969-4B05-8B84-E7ABFE863124} = {84AAEC77-8865-40E3-B675-8B3487CBC590}
		{F627F95C-7279-47D1-88F3-A5212EF4B554} = {EB315BCF-4F00-418D-B569-1BF3A2C98036}
		{5C2E28D0-912D-40F4-8370-19E79909B7B5} = {EB315BCF-4F00-418D-B569-1BF3A2C98036}
		{06270A43-7B07-4929-8BE6-AECFA7F775D5} = {EB315BCF-4F00-418D-B569-1BF3A2C98036}
		{A2F4A6E8-7395-4A30-BAE2-BDE2BD5A9951} = {EB315BCF-4F00-418D-B569-1BF3A2C98036}
	EndGlobalSection
	GlobalSection(ExtensibilityGlobals) = postSolution
		SolutionGuid = {B923131F-1653-45E9-96A5-E1F1A107521A}
	EndGlobalSection
EndGlobal
